<?xml version="1.0" encoding="utf-8"?>
<Project ToolsVersion="4.0" xmlns="http://schemas.microsoft.com/developer/msbuild/2003">
  <ItemGroup>
    <Filter Include="Common">
      <UniqueIdentifier>{e1b5af11-07d1-4377-bd6d-4b16bc459891}</UniqueIdentifier>
    </Filter>
    <Filter Include="Common\Packets">
      <UniqueIdentifier>{5218f712-d143-4b20-bf7d-1c9d35f5602d}</UniqueIdentifier>
    </Filter>
    <Filter Include="Dispatcher">
      <UniqueIdentifier>{1b40eb54-efe8-4215-a0c9-7e0ee3a468dc}</UniqueIdentifier>
    </Filter>
    <Filter Include="SessionGateWay">
      <UniqueIdentifier>{ea800dd3-3e1a-4206-bdf8-8a9b967e0a9e}</UniqueIdentifier>
    </Filter>
    <Filter Include="App">
      <UniqueIdentifier>{49536337-4100-4866-ad87-a6261d2930b6}</UniqueIdentifier>
    </Filter>
    <Filter Include="SeesionDb">
      <UniqueIdentifier>{f9d44e75-f366-4984-9eae-4da8e2bc0bf6}</UniqueIdentifier>
    </Filter>
    <Filter Include="Player">
      <UniqueIdentifier>{c24514f3-ff49-4b65-856c-6c0694d4083b}</UniqueIdentifier>
    </Filter>
    <Filter Include="SessionProxy">
      <UniqueIdentifier>{3c12e919-a407-45ba-9ace-877b6ed666e9}</UniqueIdentifier>
    </Filter>
    <Filter Include="Logic">
      <UniqueIdentifier>{0d5459d6-7b25-4669-a163-6dccf98ad8a0}</UniqueIdentifier>
    </Filter>
  </ItemGroup>
  <ItemGroup>
    <ClCompile Include="..\Common\Packets\Packet_Base.pb.cc">
      <Filter>Common\Packets</Filter>
    </ClCompile>
    <ClCompile Include="..\Common\Packets\Packet_DB.pb.cc">
      <Filter>Common\Packets</Filter>
    </ClCompile>
    <ClCompile Include="..\Common\Packets\Packet_ErrCode.pb.cc">
      <Filter>Common\Packets</Filter>
    </ClCompile>
    <ClCompile Include="..\Common\Packets\Packet_Fish.pb.cc">
      <Filter>Common\Packets</Filter>
    </ClCompile>
    <ClCompile Include="..\Common\Packets\Packet_Lobby.pb.cc">
      <Filter>Common\Packets</Filter>
    </ClCompile>
    <ClCompile Include="..\Common\Packets\Packet_Login.pb.cc">
      <Filter>Common\Packets</Filter>
    </ClCompile>
    <ClCompile Include="..\Common\Packets\Packet_Server.pb.cc">
      <Filter>Common\Packets</Filter>
    </ClCompile>
    <ClCompile Include="App\App.cpp">
      <Filter>App</Filter>
    </ClCompile>
    <ClCompile Include="App\Main.cpp">
      <Filter>App</Filter>
    </ClCompile>
    <ClCompile Include="Dispatcher\Dispatcher_Games.cpp">
      <Filter>Dispatcher</Filter>
    </ClCompile>
    <ClCompile Include="Dispatcher\Dispatcher_GateWay.cpp">
      <Filter>Dispatcher</Filter>
    </ClCompile>
    <ClCompile Include="Dispatcher\Dispatcher_Packets.cpp">
      <Filter>Dispatcher</Filter>
    </ClCompile>
    <ClCompile Include="SessionGateWay\ListenerGateWay.cpp">
      <Filter>SessionGateWay</Filter>
    </ClCompile>
    <ClCompile Include="SessionGateWay\SessionGateWay.cpp">
      <Filter>SessionGateWay</Filter>
    </ClCompile>
    <ClCompile Include="SeesionDb\SeesionDb.cpp">
      <Filter>SeesionDb</Filter>
    </ClCompile>
    <ClCompile Include="Player\PlayerMgr.cpp">
      <Filter>Player</Filter>
    </ClCompile>
    <ClCompile Include="Player\Player.cpp">
      <Filter>Player</Filter>
    </ClCompile>
    <ClCompile Include="Dispatcher\Dispatcher_Player.cpp">
      <Filter>Dispatcher</Filter>
    </ClCompile>
    <ClCompile Include="SessionProxy\SessionProxy.cpp">
      <Filter>SessionProxy</Filter>
    </ClCompile>
    <ClCompile Include="Dispatcher\Dispatcher_Proxy.cpp">
      <Filter>Dispatcher</Filter>
    </ClCompile>
    <ClCompile Include="..\Common\Packets\Packet_Bank.pb.cc">
      <Filter>Common\Packets</Filter>
    </ClCompile>
    <ClCompile Include="..\Common\Packets\Packet_Friend.pb.cc">
      <Filter>Common\Packets</Filter>
    </ClCompile>
    <ClCompile Include="Logic\Rank.cpp">
      <Filter>Logic</Filter>
    </ClCompile>
    <ClCompile Include="Logic\Announcement.cpp">
      <Filter>Logic</Filter>
    </ClCompile>
    <ClCompile Include="Logic\FriendModule.cpp">
      <Filter>Logic</Filter>
    </ClCompile>
    <ClCompile Include="..\Common\IWorkMgr.cpp">
      <Filter>Common</Filter>
    </ClCompile>
    <ClCompile Include="..\Common\ISessionProxy.cpp">
      <Filter>Common</Filter>
    </ClCompile>
    <ClCompile Include="Logic\MailModule.cpp">
      <Filter>Logic</Filter>
    </ClCompile>
    <ClCompile Include="Logic\FriendSystem.cpp">
      <Filter>Logic</Filter>
    </ClCompile>
    <ClCompile Include="Logic\BankModule.cpp">
      <Filter>Logic</Filter>
    </ClCompile>
    <ClCompile Include="Logic\DbLog.cpp">
      <Filter>Logic</Filter>
    </ClCompile>
  </ItemGroup>
  <ItemGroup>
    <ClInclude Include="..\Common\Packets\Packet_Base.pb.h">
      <Filter>Common\Packets</Filter>
    </ClInclude>
    <ClInclude Include="..\Common\Packets\Packet_DB.pb.h">
      <Filter>Common\Packets</Filter>
    </ClInclude>
    <ClInclude Include="..\Common\Packets\Packet_ErrCode.pb.h">
      <Filter>Common\Packets</Filter>
    </ClInclude>
    <ClInclude Include="..\Common\Packets\Packet_Fish.pb.h">
      <Filter>Common\Packets</Filter>
    </ClInclude>
    <ClInclude Include="..\Common\Packets\Packet_Lobby.pb.h">
      <Filter>Common\Packets</Filter>
    </ClInclude>
    <ClInclude Include="..\Common\Packets\Packet_Login.pb.h">
      <Filter>Common\Packets</Filter>
    </ClInclude>
    <ClInclude Include="..\Common\Packets\Packet_Server.pb.h">
      <Filter>Common\Packets</Filter>
    </ClInclude>
    <ClInclude Include="App\App.h">
      <Filter>App</Filter>
    </ClInclude>
    <ClInclude Include="Dispatcher\Dispatcher_Games.h">
      <Filter>Dispatcher</Filter>
    </ClInclude>
    <ClInclude Include="Dispatcher\Dispatcher_GateWay.h">
      <Filter>Dispatcher</Filter>
    </ClInclude>
    <ClInclude Include="Dispatcher\Dispatcher_Packets.h">
      <Filter>Dispatcher</Filter>
    </ClInclude>
    <ClInclude Include="SessionGateWay\ListenerGateWay.h">
      <Filter>SessionGateWay</Filter>
    </ClInclude>
    <ClInclude Include="SessionGateWay\SessionGateWay.h">
      <Filter>SessionGateWay</Filter>
    </ClInclude>
    <ClInclude Include="SeesionDb\SeesionDb.h">
      <Filter>SeesionDb</Filter>
    </ClInclude>
    <ClInclude Include="..\Common\WfSessionType.h">
      <Filter>Common</Filter>
    </ClInclude>
    <ClInclude Include="Player\PlayerMgr.h">
      <Filter>Player</Filter>
    </ClInclude>
    <ClInclude Include="Player\Player.h">
      <Filter>Player</Filter>
    </ClInclude>
    <ClInclude Include="Dispatcher\Dispatcher_Player.h">
      <Filter>Dispatcher</Filter>
    </ClInclude>
    <ClInclude Include="SessionProxy\SessionProxy.h">
      <Filter>SessionProxy</Filter>
    </ClInclude>
    <ClInclude Include="Dispatcher\Dispatcher_Proxy.h">
      <Filter>Dispatcher</Filter>
    </ClInclude>
    <ClInclude Include="..\Common\Packets\Packet_Bank.pb.h">
      <Filter>Common\Packets</Filter>
    </ClInclude>
    <ClInclude Include="..\Common\Packets\Packet_Friend.pb.h">
      <Filter>Common\Packets</Filter>
    </ClInclude>
    <ClInclude Include="Logic\Rank.h">
      <Filter>Logic</Filter>
    </ClInclude>
    <ClInclude Include="Logic\Announcement.h">
      <Filter>Logic</Filter>
    </ClInclude>
    <ClInclude Include="Logic\FriendModule.h">
      <Filter>Logic</Filter>
    </ClInclude>
    <ClInclude Include="..\Common\WfCommonPackets.h">
      <Filter>Common</Filter>
    </ClInclude>
    <ClInclude Include="..\Common\IWorkMgr.h">
      <Filter>Common</Filter>
    </ClInclude>
    <ClInclude Include="..\Common\ISessionProxy.h">
      <Filter>Common</Filter>
    </ClInclude>
    <ClInclude Include="Logic\MailModule.h">
      <Filter>Logic</Filter>
    </ClInclude>
    <ClInclude Include="Logic\FriendSystem.h">
      <Filter>Logic</Filter>
    </ClInclude>
    <ClInclude Include="Logic\BankModule.h">
      <Filter>Logic</Filter>
    </ClInclude>
    <ClInclude Include="Logic\DbLog.h">
      <Filter>Logic</Filter>
    </ClInclude>
  </ItemGroup>
</Project>